# Directly fetched tools. Debian packages come from the pinned Debian 12 base family;
# Python packages are pinned in sandbox/requirements*.txt.
base_image=debian:12-slim@sha256:60eac759739651111db372c07be67863818726f754804b8707c90979bda511df
ares_builder_image=rust:1.85.1-slim-bookworm@sha256:9f841bbe9e7d8e37ceb96ed907265a3a0df7f44e3737d0b100e7907a679acb36
ares=0.11.0
ares_commit=f0df3efa0272bbc7c1b8fa14f06b6104fdd287d1
ares_sha256=c9c2d831eec10a032afb846d751ada575fc3c880fa790e4ae01a69a8375fa183
radare2=5.9.8
radare2_sha256=e45e4fd342f04b2e00363bc1b68cc375c1cf36041085d3d59caa7a3b7be43836
jadx=1.5.1
jadx_sha256=12fd966431903b8e15c36e5007f19343475be7d8f2a55f082e7a929eeabc937e
upx=4.2.4
upx_sha256=75cab4e57ab72fb4585ee45ff36388d280c7afd72aa03e8d4b9c3cbddb474193
wasmtime=24.0.0
wasmtime_sha256=27b4dff2ec7ab3148c73504f029f281bb78e0cea45d978f74e9f8c1d5585f8e6
RsaCtfTool=7c98848f1945de3e67a420871e8672f5ad9aa5d5
RsaCtfTool_sha256=813b25af898b95f23dd2d43abc63c912fcdb1a8923f257a32718eafec458ab78
cado-nfs=90aec67f9a8f0badd0a20d1bbe4c1c2ed2e3c507
cado-nfs_sha256=4b4821009af9364abd16f4d45bd6dcb3aedeef3c8855f002389508a23e5c1841
# GPU (CUDA 12.6 / cu126) toolchain. NOTE: these cu126 wheels ship kernels up to
# sm_90 and do NOT include sm_120 (RTX 50-series / Blackwell). Runtime admission
# therefore selects the CPU path before starting ai/crypto/rev GPU work (and
# blocks an explicit `required` policy). cu128 awaits real 50-series verification.
# See also sandbox/install/ai.sh (torch cu126) and sandbox/requirements/rev.txt.
cupy-cuda12x=13.6.0
nvidia-cuda-nvrtc-cu12=12.6.77
nvidia-cuda-runtime-cu12=12.6.77
stegseek=0.6
stegseek_sha256=7218c0e0d0cc81e31678eac6d63d1af46eccd6a0d4a9299e3b68b11e7bfc92f3
zsteg=0.2.13
waybackurls=8d27cf3e3031de01179e8ba9127e968eb01008e9
one_gadget=1.10.0
pwninit=3.3.1
pwninit_sha256=1b72653be59f8f13ea934d1153e8d845eac0dbac62a8c4d9dc4a25577f009362
pwndbg=2026.02.18
pwndbg_sha256=eeb93972d7910bf8233abf296b00577efb7137d94655502985566a328e5cecce
angrop=9.2.12.post3
seccomp_tools=1.6.2
ffuf=2.1.0
temurin_jdk=21.0.11+10
temurin_jdk_sha256=4b2220e232a97997b436ca6ab15cbf70171ecff52958a46159dfa5a8c44ca4de
ghidra=12.1.2
ghidra_release=Ghidra_12.1.2_build
ghidra_sha256=b62e81a0390618466c019c60d8c2f796ced2509c4c1aea4a37644a77272cf99d
pyghidra=3.1.0
frida=17.16.4
frida_wheel_sha256=cb64cdb036244ddbfd236c8baf6bd70917f74fd504852b08933eaf87daa6e284
frida_tools=14.10.4
frida_tools_sdist_sha256=7a2c544b545d095040fffbd3768a287a426343dad89095b4a24f4b20382d926a
capa=9.4.0
capa_sha256=07800a1d20a21eb18fc98716e2ae81b668e0c9a04defd588c8aa17ea3d3281e4
capa_rules_commit=aed45e2571ebf7d2330e3daddbb5c472cc54966e
capa_rules_sha256=2a7eb0c558e2f4436003c9d8a35587e520b2d96c6ea2793d27189a195e74a66b
jazzer=0.30.0
jazzer_linux_x86_64_sha256=6eeaf0026d75599b07527d93b576593ce847cfca8b337a579971a5a9cdf792d0
jazzer_linux_arm64_sha256=16636a4d3e98f1d3a7fcf59d4ab37f5be1d1ad6df9d94d5c3ca8de644838e369
aflplusplus=5.02c
aflplusplus_commit=011cd189801830253c66ecd3cd6919ec01b46c34
aflplusplus_sha256=6692be97d77483021e174df408f76ad615828726abfa4bbc003eda78f38ebaf3
qemuafl_commit=3f571d0272e6d43c0226a1105c4bd74aab9149b5
qemuafl_sha256=928275fedc0a3277c0e0447cffaa99c2a8b3f191e18276341cf0655a2275cb1e
qemuafl_keycodemapdb_commit=6119e6e19a050df847418de7babe5166779955e4
qemuafl_keycodemapdb_sha256=70b6fae56c4c5b1a8508fea0ed39b6cd96ef887b600d759129f35d5a066a88d5
qemuafl_softfloat_commit=b64af41c3276f97f0e181920400ee056b9c88037
qemuafl_softfloat_sha256=faae889814ea6a292f7ca03d9b36e6c7e95bab2a64777804883cc822b8d48757
qemuafl_testfloat_commit=5a59dcec19327396a011a17fd924aed4fec416b3
qemuafl_testfloat_sha256=c1f92abe87764de22f6cf8372d697717d18e7951ceb11b6e12c6767b7d1e3a65
valgrind=3.19.0
valgrind_debian_version=1:3.19.0-1
boofuzz=0.4.2
boofuzz_wheel_sha256=474776e1e51c30a2b858b82663cafd05a043b812ca9e06c64b60cdf35efbb12c
atheris=3.0.0
atheris_cp311_x86_64_wheel_sha256=8a5c8a781467c187da40fd29139784193e2647058831f837f675d0bb8cbd8746
atheris_source_sha256=5aa8d339ec4b49d6fb7c8b65e63e624ac522be9ecfacffe8639dcf609f0105a6
rustup=1.28.2
rustup_x86_64_sha256=20a06e644b0d9bd2fbdbfd52d42540bdde820ea7df86e92e533c073da0cdd43c
rustup_aarch64_sha256=e3853c5a252fca15252d07cb23a1bdd9377a8c6f3efa01531109281ae47f841c
rust_nightly=2026-06-10
rust_nightly_manifest_sha256=62894133face6c10c32614e86b43483e010652dcd5d543f51a5e7ec1c6a68fa8
cargo-fuzz=0.13.2
cargo-fuzz_crate_sha256=5acfd01930e49823e58c30dd8012d3338a620377d7c7d4cc140ca4b2169400e2
libfuzzer-sys=0.4.13
libfuzzer-sys_crate_sha256=a9fd2f41a1cba099f79a0b6b6c35656cf7c03351a7bae8ff0f28f25270f929d2
nuclei=3.11.0
nuclei_sha256=dc238d6040813e14fc30514dac5a2eb1b430c694f3ca99eee2a5097e55076283
nuclei_templates=10.4.6
nuclei_templates_commit=7d66fa06cc0a5ad85f7bf35f18cf8ee9218fa9a5
nuclei_templates_sha256=bb519f9fe89bfc37ae4bf5590c82507536aa1fc7fa00268d15589a0314643aa7
dalfox=3.1.2
dalfox_sha256=ef48d30c183cead88eb89da10bdc1a7fa58a484d175319096075b470f3652fd4
schemathesis=4.24.2
schemathesis_wheel_sha256=19a01b67955afc9e8ee8ed3bec0a35660f973ce6164b4f79c4a4c1571fca368b
sqlmap=1.10.7
sqlmap_wheel_sha256=83ec02d4e373dd6656ae0b65f1362565dd8b09f998adac3a4bbf72fa7bc7f2ac
semgrep=1.127.1
semgrep_wheel_sha256=068fbd6e35b684356d14e7bb759b40d31d43cd9bfe88e4d209e18f91fda7ff8b
sstimap=1.3.3.7
sstimap_commit=d4f09055b15967b0e2265f20eb348a7ec2f25a2c
sstimap_sha256=6afd688be9faa6888279e1587c1f63bb580e52f086d1ebe994edde5e3c0b691d
sherlock-project=0.16.0
maigret=0.6.3
holehe=1.61
theHarvester=4.6.0
theHarvester_commit=d36e326f7738c821900332af3f058c60e69149a3
theHarvester_sha256=606898a3f800485116abcece48853eb3736f8aac16168888e4bfcc67df21e8b4
ctf_nuclei_rules_sha256=310d0e29278e2403d4e418b60d94bbf06bde722c34abd9de360c65074ea43e4c
ctf_semgrep_rules_sha256=cc308145dd5daa057ec340b6c511c459b5ff60b0eea92d89ae8dfe9fa3f5e0fe
modelscan=0.8.8
modelscan_wheel_sha256=a1997df2368628daa1b3f394f5660a338b1debc623dec67b38f665ba04ad967e
fickling=0.1.12
fickling_wheel_sha256=6232b72857e6ee9d729922811b681132d49dc39abc896581390dad1c0eada814
h5py=3.14.0
h5py_wheel_sha256=723a40ee6505bd354bfd26385f2dae7bbfa87655f4e61bab175a49d72ebfc06b
tensorflow_cpu=2.21.0
tensorflow_cpu_wheel_sha256=2b847d217b02ee7731ed91431daf3250daa0196c3c94614d23be27232e6e5b6c
kubectl=1.33.3
kubectl_sha256=2fcf65c64f352742dc253a25a7c95617c2aba79843d1b74e585c69fe4884afb0
helm=3.18.4
helm_sha256=f8180838c23d7c7d797b208861fecb591d9ce1690d8704ed1e4cb8e2add966c1
terraform=1.12.2
terraform_sha256=1eaed12ca41fcfe094da3d76a7e9aa0639ad3409c43be0103ee9f5a1ff4b7437
opentofu=1.10.3
opentofu_sha256=acf330602ec6ae29ba68dd5d8eb1f645811ae9809231ecdccd4774b21d5c79bc
oras=1.2.3
oras_sha256=b4efc97a91f471f323f193ea4b4d63d8ff443ca3aab514151a30751330852827
cosign=2.5.0
cosign_sha256=1f6c194dd0891eb345b436bb71ff9f996768355f5e0ce02dde88567029ac2188
trivy=0.72.0
trivy_sha256=bbb64b9695866ce4a7a8f5c9592002c5961cab378577fa3f8a040df362b9b2ea
syft=1.29.0
syft_sha256=5b01c831cb5d712899d9179cabd80f55b6708dbd36af981ce27e59b6569e6690
grype=0.96.0
grype_sha256=11196534554bedcaeb4050450ea884c810c26e893ef2073ba72f84e2e5cf3b38
opa=1.6.0
opa_sha256=0deb8a2d40fc5d75316530f50f63456a3000b20b50ef4158a81003b4aebf4892
conftest=0.61.2
conftest_sha256=5b3dcacb37c970645a9ddc7ebf776f11f727d1abe4e3e60c2381c2398c864d8f
kustomize=5.7.1
kustomize_sha256=ea375e7372f9aa029129d4b2d16c66b7750b7f1213c4f66f910d981c895818d8
yq=4.45.4
yq_sha256=b96de04645707e14a12f52c37e6266832e03c29e95b9b139cddcae7314466e69
google-cloud-cli=532.0.0-0
google-cloud-key_sha256=3ecc63922b7795eb23fdc449ff9396f9114cb3cf186d6f5b53ad4cc3ebfbb11f
rootless_seccomp_base=moby/v24.0.9/profiles/seccomp/default.json
