# Directly fetched tools. Debian packages come from the pinned Debian 12 base family;
# Python packages are pinned in sandbox/requirements*.txt.
base_image=debian:12-slim@sha256:60eac759739651111db372c07be67863818726f754804b8707c90979bda511df
radare2=5.9.8
jadx=1.5.1
upx=4.2.4
wasmtime=24.0.0
RsaCtfTool=7c98848f1945de3e67a420871e8672f5ad9aa5d5
cado-nfs=90aec67f9a8f0badd0a20d1bbe4c1c2ed2e3c507
stegseek=0.6
zsteg=0.2.13
waybackurls=8d27cf3e3031de01179e8ba9127e968eb01008e9
one_gadget=1.10.0
pwninit=3.3.1
pwninit_sha256=1b72653be59f8f13ea934d1153e8d845eac0dbac62a8c4d9dc4a25577f009362
seccomp_tools=1.6.2
ffuf=2.1.0
temurin_jdk=21.0.11+10
temurin_jdk_sha256=4b2220e232a97997b436ca6ab15cbf70171ecff52958a46159dfa5a8c44ca4de
ghidra=12.1.2
ghidra_release=Ghidra_12.1.2_build
ghidra_sha256=b62e81a0390618466c019c60d8c2f796ced2509c4c1aea4a37644a77272cf99d
pyghidra=3.1.0
frida=17.16.4
frida_wheel_sha256=cb64cdb036244ddbfd236c8baf6bd70917f74fd504852b08933eaf87daa6e284
frida_tools=14.10.4
frida_tools_sdist_sha256=7a2c544b545d095040fffbd3768a287a426343dad89095b4a24f4b20382d926a
capa=9.4.0
capa_sha256=07800a1d20a21eb18fc98716e2ae81b668e0c9a04defd588c8aa17ea3d3281e4
capa_rules_commit=aed45e2571ebf7d2330e3daddbb5c472cc54966e
capa_rules_sha256=2a7eb0c558e2f4436003c9d8a35587e520b2d96c6ea2793d27189a195e74a66b
aflplusplus=5.02c
aflplusplus_commit=011cd189801830253c66ecd3cd6919ec01b46c34
aflplusplus_sha256=6692be97d77483021e174df408f76ad615828726abfa4bbc003eda78f38ebaf3
qemuafl_commit=3f571d0272e6d43c0226a1105c4bd74aab9149b5
qemuafl_sha256=928275fedc0a3277c0e0447cffaa99c2a8b3f191e18276341cf0655a2275cb1e
qemuafl_keycodemapdb_commit=6119e6e19a050df847418de7babe5166779955e4
qemuafl_keycodemapdb_sha256=70b6fae56c4c5b1a8508fea0ed39b6cd96ef887b600d759129f35d5a066a88d5
qemuafl_softfloat_commit=b64af41c3276f97f0e181920400ee056b9c88037
qemuafl_softfloat_sha256=faae889814ea6a292f7ca03d9b36e6c7e95bab2a64777804883cc822b8d48757
qemuafl_testfloat_commit=5a59dcec19327396a011a17fd924aed4fec416b3
qemuafl_testfloat_sha256=c1f92abe87764de22f6cf8372d697717d18e7951ceb11b6e12c6767b7d1e3a65
nuclei=3.11.0
nuclei_sha256=dc238d6040813e14fc30514dac5a2eb1b430c694f3ca99eee2a5097e55076283
nuclei_templates=10.4.6
nuclei_templates_commit=7d66fa06cc0a5ad85f7bf35f18cf8ee9218fa9a5
nuclei_templates_sha256=bb519f9fe89bfc37ae4bf5590c82507536aa1fc7fa00268d15589a0314643aa7
dalfox=3.1.2
dalfox_sha256=ef48d30c183cead88eb89da10bdc1a7fa58a484d175319096075b470f3652fd4
sqlmap=1.10.7
sqlmap_wheel_sha256=83ec02d4e373dd6656ae0b65f1362565dd8b09f998adac3a4bbf72fa7bc7f2ac
semgrep=1.127.1
semgrep_wheel_sha256=068fbd6e35b684356d14e7bb759b40d31d43cd9bfe88e4d209e18f91fda7ff8b
ctf_nuclei_rules_sha256=310d0e29278e2403d4e418b60d94bbf06bde722c34abd9de360c65074ea43e4c
ctf_semgrep_rules_sha256=cc308145dd5daa057ec340b6c511c459b5ff60b0eea92d89ae8dfe9fa3f5e0fe
modelscan=0.8.8
modelscan_wheel_sha256=a1997df2368628daa1b3f394f5660a338b1debc623dec67b38f665ba04ad967e
fickling=0.1.12
fickling_wheel_sha256=6232b72857e6ee9d729922811b681132d49dc39abc896581390dad1c0eada814
h5py=3.14.0
h5py_wheel_sha256=723a40ee6505bd354bfd26385f2dae7bbfa87655f4e61bab175a49d72ebfc06b
tensorflow_cpu=2.21.0
tensorflow_cpu_wheel_sha256=2b847d217b02ee7731ed91431daf3250daa0196c3c94614d23be27232e6e5b6c
kubectl=1.33.3
helm=3.18.4
terraform=1.12.2
opentofu=1.10.3
oras=1.2.3
cosign=2.5.0
trivy=0.72.0
syft=1.29.0
grype=0.96.0
opa=1.6.0
conftest=0.61.2
kustomize=5.7.1
yq=4.45.4
google-cloud-cli=532.0.0-0
rootless_seccomp_base=moby/v24.0.9/profiles/seccomp/default.json
